PODS:
  - RxCocoa (3.0.1):
    - RxSwift (~> 3.0)
  - RxSwift (3.0.1)
  - RxUserDefaults (0.1.0):
    - RxCocoa (~> 3.0.1)
    - RxSwift (~> 3.0.1)

DEPENDENCIES:
  - RxUserDefaults (from `../`)

EXTERNAL SOURCES:
  RxUserDefaults:
    :path: "../"

SPEC CHECKSUMS:
  RxCocoa: 15a52fc590dcc700cb4a690a633b5c5184ce3a78
  RxSwift: af5680055c4ad04480189c52d28385b1029493a6
  RxUserDefaults: 70b30cf0eac3ce0e03870175a11d449ee02af7de

PODFILE CHECKSUM: e253074737014d596f2702f811ee2c466a7057f5

COCOAPODS: 1.1.0.rc.3
