PODS:
  - RxCocoa (3.0.0):
    - RxSwift (~> 3.0)
  - RxSwift (3.0.0)
  - RxUserDefaults (0.1.0):
    - RxCocoa (~> 3.0.0)
    - RxSwift (~> 3.0.0)

DEPENDENCIES:
  - RxUserDefaults (from `../`)

EXTERNAL SOURCES:
  RxUserDefaults:
    :path: "../"

SPEC CHECKSUMS:
  RxCocoa: 0a2f3ae381cf16f4021a4cee7a4420f83058a965
  RxSwift: a930cd662f5b4a7ca9dc3518585dba91dadf497c
  RxUserDefaults: ff7ae47cd622aaaf3d5c76790512621632c8a4d4

PODFILE CHECKSUM: e253074737014d596f2702f811ee2c466a7057f5

COCOAPODS: 1.1.0.rc.3
