// !$*UTF8*$!
{
	archiveVersion = 1;
	classes = {
	};
	objectVersion = 50;
	objects = {

/* Begin PBXBuildFile section */
		1F0299AFC968E481C5A7A038BE07D98E /* LaunchScreen.storyboard in Resources */ = {isa = PBXBuildFile; fileRef = 81BA89B9579B92D1ABC7E60E4AEDAAEE /* LaunchScreen.storyboard */; };
		1F82BA3E338A879B3F40CE7DE5E782E8 /* AppDelegate.swift in Sources */ = {isa = PBXBuildFile; fileRef = 688BB88FF8A000D866CA0B8B43437ACB /* AppDelegate.swift */; };
		40D732272A62CEB51903B88C /* Pods_RxUserDefaultsCocoaPodsExample.framework in Frameworks */ = {isa = PBXBuildFile; fileRef = 7BE2C870A7DD05346FC35BD2 /* Pods_RxUserDefaultsCocoaPodsExample.framework */; };
		A35A8592123AB7C94DEE8D2B46ADFE41 /* ViewController.swift in Sources */ = {isa = PBXBuildFile; fileRef = 86702FE621C5A28AEF6E08FFB9CD966B /* ViewController.swift */; };
		D788E80407ADDEA26C75767B1C008051 /* Assets.xcassets in Resources */ = {isa = PBXBuildFile; fileRef = A3085ADD3970CE4178ECCF6B089321CF /* Assets.xcassets */; };
		EC8257A7C20F46B1FD951BEDA9632D28 /* Main.storyboard in Resources */ = {isa = PBXBuildFile; fileRef = B9FC6022F2724EDCA7A45B14772F0F9F /* Main.storyboard */; };
/* End PBXBuildFile section */

/* Begin PBXFileReference section */
		2B1B1572403BF56B71EAEE50F8EDB0AB /* Base */ = {isa = PBXFileReference; lastKnownFileType = file.storyboard; name = Base; path = Base.lproj/LaunchScreen.storyboard; sourceTree = "<group>"; };
		2EC621819017A31CE7B939F4 /* Pods-RxUserDefaultsCocoaPodsExample.debug.xcconfig */ = {isa = PBXFileReference; includeInIndex = 1; lastKnownFileType = text.xcconfig; name = "Pods-RxUserDefaultsCocoaPodsExample.debug.xcconfig"; path = "Target Support Files/Pods-RxUserDefaultsCocoaPodsExample/Pods-RxUserDefaultsCocoaPodsExample.debug.xcconfig"; sourceTree = "<group>"; };
		5141CF9349CE93EFF9D25CF93B06D9C7 /* Info.plist */ = {isa = PBXFileReference; lastKnownFileType = text.plist.xml; path = Info.plist; sourceTree = "<group>"; };
		688BB88FF8A000D866CA0B8B43437ACB /* AppDelegate.swift */ = {isa = PBXFileReference; lastKnownFileType = sourcecode.swift; path = AppDelegate.swift; sourceTree = "<group>"; };
		7BE2C870A7DD05346FC35BD2 /* Pods_RxUserDefaultsCocoaPodsExample.framework */ = {isa = PBXFileReference; explicitFileType = wrapper.framework; includeInIndex = 0; path = Pods_RxUserDefaultsCocoaPodsExample.framework; sourceTree = BUILT_PRODUCTS_DIR; };
		86702FE621C5A28AEF6E08FFB9CD966B /* ViewController.swift */ = {isa = PBXFileReference; lastKnownFileType = sourcecode.swift; path = ViewController.swift; sourceTree = "<group>"; };
		8DF9C4D0D3DD513E40DC1532DFB82462 /* RxUserDefaultsCocoaPodsExample.app */ = {isa = PBXFileReference; includeInIndex = 0; lastKnownFileType = wrapper.application; path = RxUserDefaultsCocoaPodsExample.app; sourceTree = BUILT_PRODUCTS_DIR; };
		A3085ADD3970CE4178ECCF6B089321CF /* Assets.xcassets */ = {isa = PBXFileReference; lastKnownFileType = folder.assetcatalog; path = Assets.xcassets; sourceTree = "<group>"; };
		A63E7A267857D7D43F2A2159 /* Pods-RxUserDefaultsCocoaPodsExample.release.xcconfig */ = {isa = PBXFileReference; includeInIndex = 1; lastKnownFileType = text.xcconfig; name = "Pods-RxUserDefaultsCocoaPodsExample.release.xcconfig"; path = "Target Support Files/Pods-RxUserDefaultsCocoaPodsExample/Pods-RxUserDefaultsCocoaPodsExample.release.xcconfig"; sourceTree = "<group>"; };
		B9FC6022F2724EDCA7A45B14772F0F9F /* Main.storyboard */ = {isa = PBXFileReference; lastKnownFileType = file.storyboard; path = Main.storyboard; sourceTree = "<group>"; };
/* End PBXFileReference section */

/* Begin PBXFrameworksBuildPhase section */
		B9CD41F03B86EE6146F72D89 /* Frameworks */ = {
			isa = PBXFrameworksBuildPhase;
			buildActionMask = 2147483647;
			files = (
				40D732272A62CEB51903B88C /* Pods_RxUserDefaultsCocoaPodsExample.framework in Frameworks */,
			);
			runOnlyForDeploymentPostprocessing = 0;
		};
/* End PBXFrameworksBuildPhase section */

/* Begin PBXGroup section */
		017C014EAD18BA95C67F8379 /* Pods */ = {
			isa = PBXGroup;
			children = (
				2EC621819017A31CE7B939F4 /* Pods-RxUserDefaultsCocoaPodsExample.debug.xcconfig */,
				A63E7A267857D7D43F2A2159 /* Pods-RxUserDefaultsCocoaPodsExample.release.xcconfig */,
			);
			name = Pods;
			path = Pods;
			sourceTree = "<group>";
		};
		2310D9E223A2EAC04AEF4C7A5725A551 /* Sources */ = {
			isa = PBXGroup;
			children = (
				688BB88FF8A000D866CA0B8B43437ACB /* AppDelegate.swift */,
				86702FE621C5A28AEF6E08FFB9CD966B /* ViewController.swift */,
			);
			path = Sources;
			sourceTree = "<group>";
		};
		44C9923D92FDC1F806A681E48CD5C99D = {
			isa = PBXGroup;
			children = (
				2310D9E223A2EAC04AEF4C7A5725A551 /* Sources */,
				C3DFE62A5DEA4F399A09A2A97A7BE9FD /* Supporting Files */,
				62F4954C37400F7BF44DCB1F37DA7055 /* Products */,
				017C014EAD18BA95C67F8379 /* Pods */,
				4704306AA7E0C7409478FE29 /* Frameworks */,
			);
			sourceTree = "<group>";
		};
		4704306AA7E0C7409478FE29 /* Frameworks */ = {
			isa = PBXGroup;
			children = (
				7BE2C870A7DD05346FC35BD2 /* Pods_RxUserDefaultsCocoaPodsExample.framework */,
			);
			name = Frameworks;
			sourceTree = "<group>";
		};
		62F4954C37400F7BF44DCB1F37DA7055 /* Products */ = {
			isa = PBXGroup;
			children = (
				8DF9C4D0D3DD513E40DC1532DFB82462 /* RxUserDefaultsCocoaPodsExample.app */,
			);
			name = Products;
			sourceTree = "<group>";
		};
		C3DFE62A5DEA4F399A09A2A97A7BE9FD /* Supporting Files */ = {
			isa = PBXGroup;
			children = (
				A3085ADD3970CE4178ECCF6B089321CF /* Assets.xcassets */,
				5141CF9349CE93EFF9D25CF93B06D9C7 /* Info.plist */,
				81BA89B9579B92D1ABC7E60E4AEDAAEE /* LaunchScreen.storyboard */,
				B9FC6022F2724EDCA7A45B14772F0F9F /* Main.storyboard */,
			);
			path = "Supporting Files";
			sourceTree = "<group>";
		};
/* End PBXGroup section */

/* Begin PBXNativeTarget section */
		CA54EB242F9E1EE58B5FAA07163F2C90 /* RxUserDefaultsCocoaPodsExample */ = {
			isa = PBXNativeTarget;
			buildConfigurationList = 8CFEF72FF5005F7F9FD42B9524565BB7 /* Build configuration list for PBXNativeTarget "RxUserDefaultsCocoaPodsExample" */;
			buildPhases = (
				9597661031261598E5D95B23 /* [CP] Check Pods Manifest.lock */,
				FADDBF5B749A2B7511569F486AA12783 /* Sources */,
				486CDB8D3753041655F7B59F3EE0B50A /* Resources */,
				B9CD41F03B86EE6146F72D89 /* Frameworks */,
				3BD6A8162B917F5051E96571 /* [CP] Embed Pods Frameworks */,
			);
			buildRules = (
			);
			dependencies = (
			);
			name = RxUserDefaultsCocoaPodsExample;
			productName = RxUserDefaultsCocoaPodsExample;
			productReference = 8DF9C4D0D3DD513E40DC1532DFB82462 /* RxUserDefaultsCocoaPodsExample.app */;
			productType = "com.apple.product-type.application";
		};
/* End PBXNativeTarget section */

/* Begin PBXProject section */
		2B7DD07863D9A38137EE88D935DBDDAD /* Project object */ = {
			isa = PBXProject;
			attributes = {
				LastUpgradeCheck = 1000;
			};
			buildConfigurationList = 1ED3840A5B839EC80C7FCE4DF7D7E464 /* Build configuration list for PBXProject "RxUserDefaultsCocoaPodsExample" */;
			compatibilityVersion = "Xcode 9.3";
			developmentRegion = en;
			hasScannedForEncodings = 0;
			knownRegions = (
				Base,
			);
			mainGroup = 44C9923D92FDC1F806A681E48CD5C99D;
			productRefGroup = 62F4954C37400F7BF44DCB1F37DA7055 /* Products */;
			projectDirPath = "";
			projectRoot = "";
			targets = (
				CA54EB242F9E1EE58B5FAA07163F2C90 /* RxUserDefaultsCocoaPodsExample */,
			);
		};
/* End PBXProject section */

/* Begin PBXResourcesBuildPhase section */
		486CDB8D3753041655F7B59F3EE0B50A /* Resources */ = {
			isa = PBXResourcesBuildPhase;
			buildActionMask = 2147483647;
			files = (
				D788E80407ADDEA26C75767B1C008051 /* Assets.xcassets in Resources */,
				1F0299AFC968E481C5A7A038BE07D98E /* LaunchScreen.storyboard in Resources */,
				EC8257A7C20F46B1FD951BEDA9632D28 /* Main.storyboard in Resources */,
			);
			runOnlyForDeploymentPostprocessing = 0;
		};
/* End PBXResourcesBuildPhase section */

/* Begin PBXShellScriptBuildPhase section */
		3BD6A8162B917F5051E96571 /* [CP] Embed Pods Frameworks */ = {
			isa = PBXShellScriptBuildPhase;
			buildActionMask = 2147483647;
			files = (
			);
			inputFileListPaths = (
			);
			inputPaths = (
				"${PODS_ROOT}/Target Support Files/Pods-RxUserDefaultsCocoaPodsExample/Pods-RxUserDefaultsCocoaPodsExample-frameworks.sh",
				"${BUILT_PRODUCTS_DIR}/RxAtomic/RxAtomic.framework",
				"${BUILT_PRODUCTS_DIR}/RxCocoa/RxCocoa.framework",
				"${BUILT_PRODUCTS_DIR}/RxSwift/RxSwift.framework",
				"${BUILT_PRODUCTS_DIR}/RxUserDefaults/RxUserDefaults.framework",
			);
			name = "[CP] Embed Pods Frameworks";
			outputFileListPaths = (
			);
			outputPaths = (
				"${TARGET_BUILD_DIR}/${FRAMEWORKS_FOLDER_PATH}/RxAtomic.framework",
				"${TARGET_BUILD_DIR}/${FRAMEWORKS_FOLDER_PATH}/RxCocoa.framework",
				"${TARGET_BUILD_DIR}/${FRAMEWORKS_FOLDER_PATH}/RxSwift.framework",
				"${TARGET_BUILD_DIR}/${FRAMEWORKS_FOLDER_PATH}/RxUserDefaults.framework",
			);
			runOnlyForDeploymentPostprocessing = 0;
			shellPath = /bin/sh;
			shellScript = "\"${PODS_ROOT}/Target Support Files/Pods-RxUserDefaultsCocoaPodsExample/Pods-RxUserDefaultsCocoaPodsExample-frameworks.sh\"\n";
			showEnvVarsInLog = 0;
		};
		9597661031261598E5D95B23 /* [CP] Check Pods Manifest.lock */ = {
			isa = PBXShellScriptBuildPhase;
			buildActionMask = 2147483647;
			files = (
			);
			inputFileListPaths = (
			);
			inputPaths = (
				"${PODS_PODFILE_DIR_PATH}/Podfile.lock",
				"${PODS_ROOT}/Manifest.lock",
			);
			name = "[CP] Check Pods Manifest.lock";
			outputFileListPaths = (
			);
			outputPaths = (
				"$(DERIVED_FILE_DIR)/Pods-RxUserDefaultsCocoaPodsExample-checkManifestLockResult.txt",
			);
			runOnlyForDeploymentPostprocessing = 0;
			shellPath = /bin/sh;
			shellScript = "diff \"${PODS_PODFILE_DIR_PATH}/Podfile.lock\" \"${PODS_ROOT}/Manifest.lock\" > /dev/null\nif [ $? != 0 ] ; then\n    # print error to STDERR\n    echo \"error: The sandbox is not in sync with the Podfile.lock. Run 'pod install' or update your CocoaPods installation.\" >&2\n    exit 1\nfi\n# This output is used by Xcode 'outputs' to avoid re-running this script phase.\necho \"SUCCESS\" > \"${SCRIPT_OUTPUT_FILE_0}\"\n";
			showEnvVarsInLog = 0;
		};
/* End PBXShellScriptBuildPhase section */

/* Begin PBXSourcesBuildPhase section */
		FADDBF5B749A2B7511569F486AA12783 /* Sources */ = {
			isa = PBXSourcesBuildPhase;
			buildActionMask = 2147483647;
			files = (
				1F82BA3E338A879B3F40CE7DE5E782E8 /* AppDelegate.swift in Sources */,
				A35A8592123AB7C94DEE8D2B46ADFE41 /* ViewController.swift in Sources */,
			);
			runOnlyForDeploymentPostprocessing = 0;
		};
/* End PBXSourcesBuildPhase section */

/* Begin PBXVariantGroup section */
		81BA89B9579B92D1ABC7E60E4AEDAAEE /* LaunchScreen.storyboard */ = {
			isa = PBXVariantGroup;
			children = (
				2B1B1572403BF56B71EAEE50F8EDB0AB /* Base */,
			);
			name = LaunchScreen.storyboard;
			sourceTree = "<group>";
		};
/* End PBXVariantGroup section */

/* Begin XCBuildConfiguration section */
		09F4B05B13916E2CE9F1EC552BC68E7A /* Release */ = {
			isa = XCBuildConfiguration;
			baseConfigurationReference = A63E7A267857D7D43F2A2159 /* Pods-RxUserDefaultsCocoaPodsExample.release.xcconfig */;
			buildSettings = {
				ALWAYS_EMBED_SWIFT_STANDARD_LIBRARIES = "$(inherited)";
				ASSETCATALOG_COMPILER_APPICON_NAME = AppIcon;
				CODE_SIGN_IDENTITY = "iPhone Developer";
				INFOPLIST_FILE = "Supporting Files/Info.plist";
				IPHONEOS_DEPLOYMENT_TARGET = 12.0;
				LD_RUNPATH_SEARCH_PATHS = (
					"$(inherited)",
					"@executable_path/Frameworks",
				);
				PRODUCT_BUNDLE_IDENTIFIER = com.rxUserDefaults.RxUserDefaultsCocoaPodsExample;
				SDKROOT = iphoneos;
				TARGETED_DEVICE_FAMILY = "1,2";
			};
			name = Release;
		};
		8A2AFE0A5FBCA8B5B7BFD1E29521A58D /* Debug */ = {
			isa = XCBuildConfiguration;
			baseConfigurationReference = 2EC621819017A31CE7B939F4 /* Pods-RxUserDefaultsCocoaPodsExample.debug.xcconfig */;
			buildSettings = {
				ALWAYS_EMBED_SWIFT_STANDARD_LIBRARIES = "$(inherited)";
				ASSETCATALOG_COMPILER_APPICON_NAME = AppIcon;
				CODE_SIGN_IDENTITY = "iPhone Developer";
				INFOPLIST_FILE = "Supporting Files/Info.plist";
				IPHONEOS_DEPLOYMENT_TARGET = 12.0;
				LD_RUNPATH_SEARCH_PATHS = (
					"$(inherited)",
					"@executable_path/Frameworks",
				);
				PRODUCT_BUNDLE_IDENTIFIER = com.rxUserDefaults.RxUserDefaultsCocoaPodsExample;
				SDKROOT = iphoneos;
				TARGETED_DEVICE_FAMILY = "1,2";
			};
			name = Debug;
		};
		931D540C8961726A69ABD09BC85857BA /* Release */ = {
			isa = XCBuildConfiguration;
			buildSettings = {
				ALWAYS_SEARCH_USER_PATHS = NO;
				CLANG_ANALYZER_NONNULL = YES;
				CLANG_ANALYZER_NUMBER_OBJECT_CONVERSION = YES_AGGRESSIVE;
				CLANG_CXX_LANGUAGE_STANDARD = "gnu++14";
				CLANG_CXX_LIBRARY = "libc++";
				CLANG_ENABLE_MODULES = YES;
				CLANG_ENABLE_OBJC_ARC = YES;
				CLANG_WARN_BLOCK_CAPTURE_AUTORELEASING = YES;
				CLANG_WARN_BOOL_CONVERSION = YES;
				CLANG_WARN_COMMA = YES;
				CLANG_WARN_CONSTANT_CONVERSION = YES;
				CLANG_WARN_DEPRECATED_OBJC_IMPLEMENTATIONS = YES;
				CLANG_WARN_DIRECT_OBJC_ISA_USAGE = YES_ERROR;
				CLANG_WARN_DOCUMENTATION_COMMENTS = YES;
				CLANG_WARN_EMPTY_BODY = YES;
				CLANG_WARN_ENUM_CONVERSION = YES;
				CLANG_WARN_INFINITE_RECURSION = YES;
				CLANG_WARN_INT_CONVERSION = YES;
				CLANG_WARN_NON_LITERAL_NULL_CONVERSION = YES;
				CLANG_WARN_OBJC_IMPLICIT_RETAIN_SELF = YES;
				CLANG_WARN_OBJC_LITERAL_CONVERSION = YES;
				CLANG_WARN_OBJC_ROOT_CLASS = YES_ERROR;
				CLANG_WARN_RANGE_LOOP_ANALYSIS = YES;
				CLANG_WARN_STRICT_PROTOTYPES = YES;
				CLANG_WARN_SUSPICIOUS_MOVE = YES;
				CLANG_WARN_UNGUARDED_AVAILABILITY = YES_AGGRESSIVE;
				CLANG_WARN_UNREACHABLE_CODE = YES;
				CLANG_WARN__DUPLICATE_METHOD_MATCH = YES;
				COPY_PHASE_STRIP = NO;
				DEBUG_INFORMATION_FORMAT = "dwarf-with-dsym";
				ENABLE_NS_ASSERTIONS = NO;
				ENABLE_STRICT_OBJC_MSGSEND = YES;
				GCC_C_LANGUAGE_STANDARD = gnu11;
				GCC_NO_COMMON_BLOCKS = YES;
				GCC_WARN_64_TO_32_BIT_CONVERSION = YES;
				GCC_WARN_ABOUT_RETURN_TYPE = YES_ERROR;
				GCC_WARN_UNDECLARED_SELECTOR = YES;
				GCC_WARN_UNINITIALIZED_AUTOS = YES_AGGRESSIVE;
				GCC_WARN_UNUSED_FUNCTION = YES;
				GCC_WARN_UNUSED_VARIABLE = YES;
				PRODUCT_NAME = "$(TARGET_NAME)";
				SDKROOT = iphoneos;
				SWIFT_OPTIMIZATION_LEVEL = "-Owholemodule";
				SWIFT_VERSION = 4.2;
				VALIDATE_PRODUCT = YES;
			};
			name = Release;
		};
		BB7757EA40F3C3202E94AAC94CDF645F /* Debug */ = {
			isa = XCBuildConfiguration;
			buildSettings = {
				ALWAYS_SEARCH_USER_PATHS = NO;
				CLANG_ANALYZER_NONNULL = YES;
				CLANG_ANALYZER_NUMBER_OBJECT_CONVERSION = YES_AGGRESSIVE;
				CLANG_CXX_LANGUAGE_STANDARD = "gnu++14";
				CLANG_CXX_LIBRARY = "libc++";
				CLANG_ENABLE_MODULES = YES;
				CLANG_ENABLE_OBJC_ARC = YES;
				CLANG_WARN_BLOCK_CAPTURE_AUTORELEASING = YES;
				CLANG_WARN_BOOL_CONVERSION = YES;
				CLANG_WARN_COMMA = YES;
				CLANG_WARN_CONSTANT_CONVERSION = YES;
				CLANG_WARN_DEPRECATED_OBJC_IMPLEMENTATIONS = YES;
				CLANG_WARN_DIRECT_OBJC_ISA_USAGE = YES_ERROR;
				CLANG_WARN_DOCUMENTATION_COMMENTS = YES;
				CLANG_WARN_EMPTY_BODY = YES;
				CLANG_WARN_ENUM_CONVERSION = YES;
				CLANG_WARN_INFINITE_RECURSION = YES;
				CLANG_WARN_INT_CONVERSION = YES;
				CLANG_WARN_NON_LITERAL_NULL_CONVERSION = YES;
				CLANG_WARN_OBJC_IMPLICIT_RETAIN_SELF = YES;
				CLANG_WARN_OBJC_LITERAL_CONVERSION = YES;
				CLANG_WARN_OBJC_ROOT_CLASS = YES_ERROR;
				CLANG_WARN_RANGE_LOOP_ANALYSIS = YES;
				CLANG_WARN_STRICT_PROTOTYPES = YES;
				CLANG_WARN_SUSPICIOUS_MOVE = YES;
				CLANG_WARN_UNGUARDED_AVAILABILITY = YES_AGGRESSIVE;
				CLANG_WARN_UNREACHABLE_CODE = YES;
				CLANG_WARN__DUPLICATE_METHOD_MATCH = YES;
				COPY_PHASE_STRIP = NO;
				DEBUG_INFORMATION_FORMAT = dwarf;
				ENABLE_STRICT_OBJC_MSGSEND = YES;
				ENABLE_TESTABILITY = YES;
				GCC_C_LANGUAGE_STANDARD = gnu11;
				GCC_DYNAMIC_NO_PIC = NO;
				GCC_NO_COMMON_BLOCKS = YES;
				GCC_OPTIMIZATION_LEVEL = 0;
				GCC_PREPROCESSOR_DEFINITIONS = (
					"$(inherited)",
					"DEBUG=1",
				);
				GCC_WARN_64_TO_32_BIT_CONVERSION = YES;
				GCC_WARN_ABOUT_RETURN_TYPE = YES_ERROR;
				GCC_WARN_UNDECLARED_SELECTOR = YES;
				GCC_WARN_UNINITIALIZED_AUTOS = YES_AGGRESSIVE;
				GCC_WARN_UNUSED_FUNCTION = YES;
				GCC_WARN_UNUSED_VARIABLE = YES;
				MTL_ENABLE_DEBUG_INFO = YES;
				ONLY_ACTIVE_ARCH = YES;
				PRODUCT_NAME = "$(TARGET_NAME)";
				SDKROOT = iphoneos;
				SWIFT_ACTIVE_COMPILATION_CONDITIONS = DEBUG;
				SWIFT_OPTIMIZATION_LEVEL = "-Onone";
				SWIFT_VERSION = 4.2;
			};
			name = Debug;
		};
/* End XCBuildConfiguration section */

/* Begin XCConfigurationList section */
		1ED3840A5B839EC80C7FCE4DF7D7E464 /* Build configuration list for PBXProject "RxUserDefaultsCocoaPodsExample" */ = {
			isa = XCConfigurationList;
			buildConfigurations = (
				BB7757EA40F3C3202E94AAC94CDF645F /* Debug */,
				931D540C8961726A69ABD09BC85857BA /* Release */,
			);
			defaultConfigurationIsVisible = 0;
			defaultConfigurationName = Debug;
		};
		8CFEF72FF5005F7F9FD42B9524565BB7 /* Build configuration list for PBXNativeTarget "RxUserDefaultsCocoaPodsExample" */ = {
			isa = XCConfigurationList;
			buildConfigurations = (
				8A2AFE0A5FBCA8B5B7BFD1E29521A58D /* Debug */,
				09F4B05B13916E2CE9F1EC552BC68E7A /* Release */,
			);
			defaultConfigurationIsVisible = 0;
			defaultConfigurationName = "";
		};
/* End XCConfigurationList section */
	};
	rootObject = 2B7DD07863D9A38137EE88D935DBDDAD /* Project object */;
}
