// !$*UTF8*$!
{
	archiveVersion = 1;
	classes = {
	};
	objectVersion = 50;
	objects = {

/* Begin PBXBuildFile section */
		03E432C89F212E61A6E4A572D4C883E8 /* RxTest.framework in Embed Frameworks */ = {isa = PBXBuildFile; fileRef = E219FEBFE520FFAE75158BB49FB6A6C7 /* RxTest.framework */; settings = {ATTRIBUTES = (CodeSignOnCopy, RemoveHeadersOnCopy, ); }; };
		0BC9C787D0D94C78AFF4291C2784D29F /* Setting.swift in Sources */ = {isa = PBXBuildFile; fileRef = B0A761CAC3FE629871B24E1D28B55AB6 /* Setting.swift */; };
		120D80EDB4A47B89C02CECFFB957F3A2 /* RxCocoa.framework in Frameworks */ = {isa = PBXBuildFile; fileRef = FC365C428DEC661CA5BF7AA6F60F8685 /* RxCocoa.framework */; };
		14ACB8DC447B33D00304CDA70B3300FF /* RxSwift.framework in Embed Frameworks */ = {isa = PBXBuildFile; fileRef = AFC3ABB8B685F1921204417BEBF8760B /* RxSwift.framework */; settings = {ATTRIBUTES = (CodeSignOnCopy, RemoveHeadersOnCopy, ); }; };
		172054C340E119494E54A71A63D832D2 /* RxBlocking.framework in Embed Frameworks */ = {isa = PBXBuildFile; fileRef = 261774B8490CEE0191163ACE1228D314 /* RxBlocking.framework */; settings = {ATTRIBUTES = (CodeSignOnCopy, RemoveHeadersOnCopy, ); }; };
		2BDE36C54DCD3CF23F0A38AD50CCBDEC /* RxTest.framework in Frameworks */ = {isa = PBXBuildFile; fileRef = 355121426DB2D8CD4D2F38D8A3B2437A /* RxTest.framework */; };
		351F5074ACB35011D4B8CD2413E01FD2 /* RxTest.framework in Frameworks */ = {isa = PBXBuildFile; fileRef = E219FEBFE520FFAE75158BB49FB6A6C7 /* RxTest.framework */; };
		3BE50363205E591ADFD06391C1656F70 /* RxCocoa.framework in Embed Frameworks */ = {isa = PBXBuildFile; fileRef = FC365C428DEC661CA5BF7AA6F60F8685 /* RxCocoa.framework */; settings = {ATTRIBUTES = (CodeSignOnCopy, RemoveHeadersOnCopy, ); }; };
		4137B63593A73765A2D204A44CF463F9 /* Headers in Headers */ = {isa = PBXBuildFile; fileRef = AEB1DBE90209B55D7E051C34173D69BF /* Headers */; settings = {ATTRIBUTES = (Public, ); }; };
		44F5E5CED6CC185877683422073FF3D6 /* RxTest.framework in Embed Frameworks */ = {isa = PBXBuildFile; fileRef = 355121426DB2D8CD4D2F38D8A3B2437A /* RxTest.framework */; settings = {ATTRIBUTES = (CodeSignOnCopy, RemoveHeadersOnCopy, ); }; };
		46594121640E97ED4CFB011DBAE2883D /* RxBlocking.framework in Frameworks */ = {isa = PBXBuildFile; fileRef = 6159EEA859E282F6C1AAC9D85E262A71 /* RxBlocking.framework */; };
		5262CDB2534FC2FAFFBD965AF6C27863 /* RxSwift.framework in Frameworks */ = {isa = PBXBuildFile; fileRef = E28DAC77D687A5C6892E6D44EF760460 /* RxSwift.framework */; };
		5CC83A41461B734280AA08AA1B665029 /* RxSwift.framework in Frameworks */ = {isa = PBXBuildFile; fileRef = AFC3ABB8B685F1921204417BEBF8760B /* RxSwift.framework */; };
		65CC6804553BCCB6F3682B98EB420682 /* RxSwift.framework in Frameworks */ = {isa = PBXBuildFile; fileRef = AFC3ABB8B685F1921204417BEBF8760B /* RxSwift.framework */; };
		6E607A6324A81A4C77F2CA438FDC3906 /* RxCocoa.framework in Frameworks */ = {isa = PBXBuildFile; fileRef = 3B7C03AED32AFA9D4A5363058125AC28 /* RxCocoa.framework */; };
		7F474B2DE6165CEB2EEFA190AEB53200 /* RxCocoa.framework in Embed Frameworks */ = {isa = PBXBuildFile; fileRef = 3B7C03AED32AFA9D4A5363058125AC28 /* RxCocoa.framework */; settings = {ATTRIBUTES = (CodeSignOnCopy, RemoveHeadersOnCopy, ); }; };
		86A452F1BBBFDDB4A216820E6E3867AB /* Setting.swift in Sources */ = {isa = PBXBuildFile; fileRef = B0A761CAC3FE629871B24E1D28B55AB6 /* Setting.swift */; };
		8CC37DA0A8A8A228DA1719A5C25CF704 /* RxUserDefaults.framework in Embed Frameworks */ = {isa = PBXBuildFile; fileRef = 0FDE21D705FF1848D793178CDB025063 /* RxUserDefaults.framework */; settings = {ATTRIBUTES = (CodeSignOnCopy, RemoveHeadersOnCopy, ); }; };
		9134DF7F92E9D8F6BAB2662A8BE037B8 /* Tests.swift in Sources */ = {isa = PBXBuildFile; fileRef = D722F7C289C3AFF1F4443985AE30C206 /* Tests.swift */; };
		97A3683C17FC34DD9703272F4CB59FEA /* RxSwift.framework in Frameworks */ = {isa = PBXBuildFile; fileRef = E28DAC77D687A5C6892E6D44EF760460 /* RxSwift.framework */; };
		9AF40EB80D6110108BB6686736009D25 /* Headers in Headers */ = {isa = PBXBuildFile; fileRef = AEB1DBE90209B55D7E051C34173D69BF /* Headers */; settings = {ATTRIBUTES = (Public, ); }; };
		A65FEA7E4071DD0A2F0C1584B78F466A /* RxSwift.framework in Embed Frameworks */ = {isa = PBXBuildFile; fileRef = E28DAC77D687A5C6892E6D44EF760460 /* RxSwift.framework */; settings = {ATTRIBUTES = (CodeSignOnCopy, RemoveHeadersOnCopy, ); }; };
		AF07E1A85950E1DF3575867AE3E4EBD1 /* Tests.swift in Sources */ = {isa = PBXBuildFile; fileRef = D722F7C289C3AFF1F4443985AE30C206 /* Tests.swift */; };
		BC02143327E7F3302888BA7C91193CCE /* RxUserDefaults.framework in Frameworks */ = {isa = PBXBuildFile; fileRef = 0FDE21D705FF1848D793178CDB025063 /* RxUserDefaults.framework */; };
		DC4D5E2E3A184A57B2C28AB3A5BF3A97 /* RxUserDefaults.framework in Frameworks */ = {isa = PBXBuildFile; fileRef = D165EE001110AA1C92D3BEDFD47D918A /* RxUserDefaults.framework */; };
		EBA578692B3160D7B3A66D45BE4A20B6 /* RxUserDefaults.framework in Embed Frameworks */ = {isa = PBXBuildFile; fileRef = D165EE001110AA1C92D3BEDFD47D918A /* RxUserDefaults.framework */; settings = {ATTRIBUTES = (CodeSignOnCopy, RemoveHeadersOnCopy, ); }; };
		EF390465A027A9976B50A1F5C614CF7C /* RxBlocking.framework in Frameworks */ = {isa = PBXBuildFile; fileRef = 261774B8490CEE0191163ACE1228D314 /* RxBlocking.framework */; };
		F08D6477AA2BC2339FAA2920203E3681 /* RxCocoa.framework in Frameworks */ = {isa = PBXBuildFile; fileRef = 3B7C03AED32AFA9D4A5363058125AC28 /* RxCocoa.framework */; };
		F2813CCEA0C5451A240AC4559A07AA9A /* RxCocoa.framework in Frameworks */ = {isa = PBXBuildFile; fileRef = FC365C428DEC661CA5BF7AA6F60F8685 /* RxCocoa.framework */; };
		FA7BA43E5F99344C12977D45F14E5FF0 /* RxBlocking.framework in Embed Frameworks */ = {isa = PBXBuildFile; fileRef = 6159EEA859E282F6C1AAC9D85E262A71 /* RxBlocking.framework */; settings = {ATTRIBUTES = (CodeSignOnCopy, RemoveHeadersOnCopy, ); }; };
/* End PBXBuildFile section */

/* Begin PBXContainerItemProxy section */
		0F0598DEA57D1DA87A5465E806713555 /* PBXContainerItemProxy */ = {
			isa = PBXContainerItemProxy;
			containerPortal = BFE8D0E18102F6DA7AF1D86EEA2A50DF /* Project object */;
			proxyType = 1;
			remoteGlobalIDString = BC3B726748A24D180CC0281E8D230A0D;
			remoteInfo = RxUserDefaults_tvOS;
		};
		117AB8A9DAAE388729164670ADB17EFF /* PBXContainerItemProxy */ = {
			isa = PBXContainerItemProxy;
			containerPortal = BFE8D0E18102F6DA7AF1D86EEA2A50DF /* Project object */;
			proxyType = 1;
			remoteGlobalIDString = 002178748042D1D60E60D940044501E8;
			remoteInfo = RxUserDefaults_iOS;
		};
/* End PBXContainerItemProxy section */

/* Begin PBXCopyFilesBuildPhase section */
		1736FA48AC83A1E356D1567F7FA20901 /* Embed Frameworks */ = {
			isa = PBXCopyFilesBuildPhase;
			buildActionMask = 2147483647;
			dstPath = "";
			dstSubfolderSpec = 10;
			files = (
				8CC37DA0A8A8A228DA1719A5C25CF704 /* RxUserDefaults.framework in Embed Frameworks */,
				FA7BA43E5F99344C12977D45F14E5FF0 /* RxBlocking.framework in Embed Frameworks */,
				3BE50363205E591ADFD06391C1656F70 /* RxCocoa.framework in Embed Frameworks */,
				A65FEA7E4071DD0A2F0C1584B78F466A /* RxSwift.framework in Embed Frameworks */,
				44F5E5CED6CC185877683422073FF3D6 /* RxTest.framework in Embed Frameworks */,
			);
			name = "Embed Frameworks";
			runOnlyForDeploymentPostprocessing = 0;
		};
		2935650B65D3E662243A9F48E7DB954D /* Embed Frameworks */ = {
			isa = PBXCopyFilesBuildPhase;
			buildActionMask = 2147483647;
			dstPath = "";
			dstSubfolderSpec = 10;
			files = (
				EBA578692B3160D7B3A66D45BE4A20B6 /* RxUserDefaults.framework in Embed Frameworks */,
				172054C340E119494E54A71A63D832D2 /* RxBlocking.framework in Embed Frameworks */,
				7F474B2DE6165CEB2EEFA190AEB53200 /* RxCocoa.framework in Embed Frameworks */,
				14ACB8DC447B33D00304CDA70B3300FF /* RxSwift.framework in Embed Frameworks */,
				03E432C89F212E61A6E4A572D4C883E8 /* RxTest.framework in Embed Frameworks */,
			);
			name = "Embed Frameworks";
			runOnlyForDeploymentPostprocessing = 0;
		};
/* End PBXCopyFilesBuildPhase section */

/* Begin PBXFileReference section */
		0FDE21D705FF1848D793178CDB025063 /* RxUserDefaults.framework */ = {isa = PBXFileReference; explicitFileType = wrapper.framework; includeInIndex = 0; path = RxUserDefaults.framework; sourceTree = BUILT_PRODUCTS_DIR; };
		15F7DE7D804CA1910F681D7C19B4A092 /* Info.plist */ = {isa = PBXFileReference; lastKnownFileType = text.plist.xml; path = Info.plist; sourceTree = "<group>"; };
		261774B8490CEE0191163ACE1228D314 /* RxBlocking.framework */ = {isa = PBXFileReference; lastKnownFileType = wrapper.framework; path = RxBlocking.framework; sourceTree = "<group>"; };
		355121426DB2D8CD4D2F38D8A3B2437A /* RxTest.framework */ = {isa = PBXFileReference; lastKnownFileType = wrapper.framework; path = RxTest.framework; sourceTree = "<group>"; };
		3B7C03AED32AFA9D4A5363058125AC28 /* RxCocoa.framework */ = {isa = PBXFileReference; lastKnownFileType = wrapper.framework; path = RxCocoa.framework; sourceTree = "<group>"; };
		6159EEA859E282F6C1AAC9D85E262A71 /* RxBlocking.framework */ = {isa = PBXFileReference; lastKnownFileType = wrapper.framework; path = RxBlocking.framework; sourceTree = "<group>"; };
		AEB1DBE90209B55D7E051C34173D69BF /* Headers */ = {isa = PBXFileReference; lastKnownFileType = folder; path = Headers; sourceTree = SOURCE_ROOT; };
		AFC3ABB8B685F1921204417BEBF8760B /* RxSwift.framework */ = {isa = PBXFileReference; lastKnownFileType = wrapper.framework; path = RxSwift.framework; sourceTree = "<group>"; };
		B099D66616EA32221F2C51FB80706ADA /* RxUserDefaults-Tests.xctest */ = {isa = PBXFileReference; includeInIndex = 0; lastKnownFileType = wrapper.cfbundle; path = "RxUserDefaults-Tests.xctest"; sourceTree = BUILT_PRODUCTS_DIR; };
		B0A761CAC3FE629871B24E1D28B55AB6 /* Setting.swift */ = {isa = PBXFileReference; lastKnownFileType = sourcecode.swift; path = Setting.swift; sourceTree = "<group>"; };
		CE3B44F211CE04E4D4957E388316B3ED /* RxUserDefaults-Tests.xctest */ = {isa = PBXFileReference; includeInIndex = 0; lastKnownFileType = wrapper.cfbundle; path = "RxUserDefaults-Tests.xctest"; sourceTree = BUILT_PRODUCTS_DIR; };
		D165EE001110AA1C92D3BEDFD47D918A /* RxUserDefaults.framework */ = {isa = PBXFileReference; explicitFileType = wrapper.framework; includeInIndex = 0; path = RxUserDefaults.framework; sourceTree = BUILT_PRODUCTS_DIR; };
		D722F7C289C3AFF1F4443985AE30C206 /* Tests.swift */ = {isa = PBXFileReference; lastKnownFileType = sourcecode.swift; path = Tests.swift; sourceTree = "<group>"; };
		E219FEBFE520FFAE75158BB49FB6A6C7 /* RxTest.framework */ = {isa = PBXFileReference; lastKnownFileType = wrapper.framework; path = RxTest.framework; sourceTree = "<group>"; };
		E28DAC77D687A5C6892E6D44EF760460 /* RxSwift.framework */ = {isa = PBXFileReference; lastKnownFileType = wrapper.framework; path = RxSwift.framework; sourceTree = "<group>"; };
		FC365C428DEC661CA5BF7AA6F60F8685 /* RxCocoa.framework */ = {isa = PBXFileReference; lastKnownFileType = wrapper.framework; path = RxCocoa.framework; sourceTree = "<group>"; };
/* End PBXFileReference section */

/* Begin PBXFrameworksBuildPhase section */
		1C738F537DDA06AA7C66FBC90D4EC645 /* Frameworks */ = {
			isa = PBXFrameworksBuildPhase;
			buildActionMask = 2147483647;
			files = (
				97A3683C17FC34DD9703272F4CB59FEA /* RxSwift.framework in Frameworks */,
				F2813CCEA0C5451A240AC4559A07AA9A /* RxCocoa.framework in Frameworks */,
			);
			runOnlyForDeploymentPostprocessing = 0;
		};
		2F5CABCBD203266758416156858FAEBE /* Frameworks */ = {
			isa = PBXFrameworksBuildPhase;
			buildActionMask = 2147483647;
			files = (
				BC02143327E7F3302888BA7C91193CCE /* RxUserDefaults.framework in Frameworks */,
				5262CDB2534FC2FAFFBD965AF6C27863 /* RxSwift.framework in Frameworks */,
				120D80EDB4A47B89C02CECFFB957F3A2 /* RxCocoa.framework in Frameworks */,
				2BDE36C54DCD3CF23F0A38AD50CCBDEC /* RxTest.framework in Frameworks */,
				46594121640E97ED4CFB011DBAE2883D /* RxBlocking.framework in Frameworks */,
			);
			runOnlyForDeploymentPostprocessing = 0;
		};
		947C05F1A0AF9004C751BA5887180813 /* Frameworks */ = {
			isa = PBXFrameworksBuildPhase;
			buildActionMask = 2147483647;
			files = (
				DC4D5E2E3A184A57B2C28AB3A5BF3A97 /* RxUserDefaults.framework in Frameworks */,
				5CC83A41461B734280AA08AA1B665029 /* RxSwift.framework in Frameworks */,
				F08D6477AA2BC2339FAA2920203E3681 /* RxCocoa.framework in Frameworks */,
				351F5074ACB35011D4B8CD2413E01FD2 /* RxTest.framework in Frameworks */,
				EF390465A027A9976B50A1F5C614CF7C /* RxBlocking.framework in Frameworks */,
			);
			runOnlyForDeploymentPostprocessing = 0;
		};
		AD1CA25AF7E273F4A53EC997F9B72A36 /* Frameworks */ = {
			isa = PBXFrameworksBuildPhase;
			buildActionMask = 2147483647;
			files = (
				65CC6804553BCCB6F3682B98EB420682 /* RxSwift.framework in Frameworks */,
				6E607A6324A81A4C77F2CA438FDC3906 /* RxCocoa.framework in Frameworks */,
			);
			runOnlyForDeploymentPostprocessing = 0;
		};
/* End PBXFrameworksBuildPhase section */

/* Begin PBXGroup section */
		2C658BA2ACDDEF93026A0B0419C84AE1 /* Products */ = {
			isa = PBXGroup;
			children = (
				CE3B44F211CE04E4D4957E388316B3ED /* RxUserDefaults-Tests.xctest */,
				B099D66616EA32221F2C51FB80706ADA /* RxUserDefaults-Tests.xctest */,
				0FDE21D705FF1848D793178CDB025063 /* RxUserDefaults.framework */,
				D165EE001110AA1C92D3BEDFD47D918A /* RxUserDefaults.framework */,
			);
			name = Products;
			sourceTree = "<group>";
		};
		744E54A99E6F372AFE8237EE532F6506 /* Supporting Files */ = {
			isa = PBXGroup;
			children = (
				15F7DE7D804CA1910F681D7C19B4A092 /* Info.plist */,
			);
			path = "Supporting Files";
			sourceTree = "<group>";
		};
		851AB4FD29A8A1AF353C39F644314EC7 /* Sources */ = {
			isa = PBXGroup;
			children = (
				B0A761CAC3FE629871B24E1D28B55AB6 /* Setting.swift */,
			);
			path = Sources;
			sourceTree = "<group>";
		};
		9FFD832A3DC2F331A1CBDD0752C7E8FE /* Carthage */ = {
			isa = PBXGroup;
			children = (
				DFF6F65509CE74CC6456FB34A3E6B2B3 /* iOS */,
				BC195F44C31CFD56DD65F0CA79B4D6C8 /* tvOS */,
			);
			name = Carthage;
			path = Carthage/Build;
			sourceTree = "<group>";
		};
		A0D55A011875C44ECD996E39A77DD5C7 /* Frameworks */ = {
			isa = PBXGroup;
			children = (
				9FFD832A3DC2F331A1CBDD0752C7E8FE /* Carthage */,
			);
			name = Frameworks;
			sourceTree = "<group>";
		};
		A7EC28397DF08162FD5641F3ADB1F163 /* Tests */ = {
			isa = PBXGroup;
			children = (
				D722F7C289C3AFF1F4443985AE30C206 /* Tests.swift */,
			);
			path = Tests;
			sourceTree = "<group>";
		};
		BC195F44C31CFD56DD65F0CA79B4D6C8 /* tvOS */ = {
			isa = PBXGroup;
			children = (
				261774B8490CEE0191163ACE1228D314 /* RxBlocking.framework */,
				3B7C03AED32AFA9D4A5363058125AC28 /* RxCocoa.framework */,
				AFC3ABB8B685F1921204417BEBF8760B /* RxSwift.framework */,
				E219FEBFE520FFAE75158BB49FB6A6C7 /* RxTest.framework */,
			);
			path = tvOS;
			sourceTree = "<group>";
		};
		DFF6F65509CE74CC6456FB34A3E6B2B3 /* iOS */ = {
			isa = PBXGroup;
			children = (
				6159EEA859E282F6C1AAC9D85E262A71 /* RxBlocking.framework */,
				FC365C428DEC661CA5BF7AA6F60F8685 /* RxCocoa.framework */,
				E28DAC77D687A5C6892E6D44EF760460 /* RxSwift.framework */,
				355121426DB2D8CD4D2F38D8A3B2437A /* RxTest.framework */,
			);
			path = iOS;
			sourceTree = "<group>";
		};
		E849DF869F7A1AE2F58738645E33DC7F = {
			isa = PBXGroup;
			children = (
				AEB1DBE90209B55D7E051C34173D69BF /* Headers */,
				851AB4FD29A8A1AF353C39F644314EC7 /* Sources */,
				744E54A99E6F372AFE8237EE532F6506 /* Supporting Files */,
				A7EC28397DF08162FD5641F3ADB1F163 /* Tests */,
				A0D55A011875C44ECD996E39A77DD5C7 /* Frameworks */,
				2C658BA2ACDDEF93026A0B0419C84AE1 /* Products */,
			);
			indentWidth = 2;
			sourceTree = "<group>";
			tabWidth = 2;
			usesTabs = 0;
		};
/* End PBXGroup section */

/* Begin PBXHeadersBuildPhase section */
		33548282006E7686669DD70FE3459DB2 /* Headers */ = {
			isa = PBXHeadersBuildPhase;
			buildActionMask = 2147483647;
			files = (
				4137B63593A73765A2D204A44CF463F9 /* Headers in Headers */,
			);
			runOnlyForDeploymentPostprocessing = 0;
		};
		473A70D6B6B9B1A5897BDA8120FF3E21 /* Headers */ = {
			isa = PBXHeadersBuildPhase;
			buildActionMask = 2147483647;
			files = (
				9AF40EB80D6110108BB6686736009D25 /* Headers in Headers */,
			);
			runOnlyForDeploymentPostprocessing = 0;
		};
/* End PBXHeadersBuildPhase section */

/* Begin PBXNativeTarget section */
		002178748042D1D60E60D940044501E8 /* RxUserDefaults_iOS */ = {
			isa = PBXNativeTarget;
			buildConfigurationList = 4F7AFAD95FA86A249B743CC0AAA0DAE2 /* Build configuration list for PBXNativeTarget "RxUserDefaults_iOS" */;
			buildPhases = (
				473A70D6B6B9B1A5897BDA8120FF3E21 /* Headers */,
				88F7FD0F8DBAFF0AEF6F76028C1892C0 /* Sources */,
				1C738F537DDA06AA7C66FBC90D4EC645 /* Frameworks */,
			);
			buildRules = (
			);
			dependencies = (
			);
			name = RxUserDefaults_iOS;
			productName = RxUserDefaults_iOS;
			productReference = 0FDE21D705FF1848D793178CDB025063 /* RxUserDefaults.framework */;
			productType = "com.apple.product-type.framework";
		};
		2E8D8F280D2BC6679A813E7D23D7E3F1 /* RxUserDefaults-Tests_iOS */ = {
			isa = PBXNativeTarget;
			buildConfigurationList = EC6F6D657FF6C91DC3451888CC4EA97A /* Build configuration list for PBXNativeTarget "RxUserDefaults-Tests_iOS" */;
			buildPhases = (
				20D43DAC7AC8C79148C089FE97E54C50 /* Sources */,
				2F5CABCBD203266758416156858FAEBE /* Frameworks */,
				1736FA48AC83A1E356D1567F7FA20901 /* Embed Frameworks */,
			);
			buildRules = (
			);
			dependencies = (
				C34E21205E5ABBF43615CA8883F7B3EA /* PBXTargetDependency */,
			);
			name = "RxUserDefaults-Tests_iOS";
			productName = "RxUserDefaults-Tests_iOS";
			productReference = CE3B44F211CE04E4D4957E388316B3ED /* RxUserDefaults-Tests.xctest */;
			productType = "com.apple.product-type.bundle.unit-test";
		};
		60092EECF7A34F69A2DD2CA15B787155 /* RxUserDefaults-Tests_tvOS */ = {
			isa = PBXNativeTarget;
			buildConfigurationList = AE0685734D708C8B9AC1F7688020D3A6 /* Build configuration list for PBXNativeTarget "RxUserDefaults-Tests_tvOS" */;
			buildPhases = (
				D362D9C892535BCDED4DD63F1AB879DC /* Sources */,
				947C05F1A0AF9004C751BA5887180813 /* Frameworks */,
				2935650B65D3E662243A9F48E7DB954D /* Embed Frameworks */,
			);
			buildRules = (
			);
			dependencies = (
				321E50FD6301FA680B115C9DB230F17A /* PBXTargetDependency */,
			);
			name = "RxUserDefaults-Tests_tvOS";
			productName = "RxUserDefaults-Tests_tvOS";
			productReference = B099D66616EA32221F2C51FB80706ADA /* RxUserDefaults-Tests.xctest */;
			productType = "com.apple.product-type.bundle.unit-test";
		};
		BC3B726748A24D180CC0281E8D230A0D /* RxUserDefaults_tvOS */ = {
			isa = PBXNativeTarget;
			buildConfigurationList = 8F9B49976BE0D77124320ED87DCC6D0B /* Build configuration list for PBXNativeTarget "RxUserDefaults_tvOS" */;
			buildPhases = (
				33548282006E7686669DD70FE3459DB2 /* Headers */,
				5170A317D0B8BC19E7A961B914800DCF /* Sources */,
				AD1CA25AF7E273F4A53EC997F9B72A36 /* Frameworks */,
			);
			buildRules = (
			);
			dependencies = (
			);
			name = RxUserDefaults_tvOS;
			productName = RxUserDefaults_tvOS;
			productReference = D165EE001110AA1C92D3BEDFD47D918A /* RxUserDefaults.framework */;
			productType = "com.apple.product-type.framework";
		};
/* End PBXNativeTarget section */

/* Begin PBXProject section */
		BFE8D0E18102F6DA7AF1D86EEA2A50DF /* Project object */ = {
			isa = PBXProject;
			attributes = {
				LastUpgradeCheck = 1000;
			};
			buildConfigurationList = F78910ED2BE2E7F282D29241B0CF18A2 /* Build configuration list for PBXProject "RxUserDefaults" */;
			compatibilityVersion = "Xcode 9.3";
			developmentRegion = en;
			hasScannedForEncodings = 0;
			knownRegions = (
				en,
			);
			mainGroup = E849DF869F7A1AE2F58738645E33DC7F;
			projectDirPath = "";
			projectRoot = "";
			targets = (
				2E8D8F280D2BC6679A813E7D23D7E3F1 /* RxUserDefaults-Tests_iOS */,
				60092EECF7A34F69A2DD2CA15B787155 /* RxUserDefaults-Tests_tvOS */,
				002178748042D1D60E60D940044501E8 /* RxUserDefaults_iOS */,
				BC3B726748A24D180CC0281E8D230A0D /* RxUserDefaults_tvOS */,
			);
		};
/* End PBXProject section */

/* Begin PBXSourcesBuildPhase section */
		20D43DAC7AC8C79148C089FE97E54C50 /* Sources */ = {
			isa = PBXSourcesBuildPhase;
			buildActionMask = 2147483647;
			files = (
				AF07E1A85950E1DF3575867AE3E4EBD1 /* Tests.swift in Sources */,
			);
			runOnlyForDeploymentPostprocessing = 0;
		};
		5170A317D0B8BC19E7A961B914800DCF /* Sources */ = {
			isa = PBXSourcesBuildPhase;
			buildActionMask = 2147483647;
			files = (
				0BC9C787D0D94C78AFF4291C2784D29F /* Setting.swift in Sources */,
			);
			runOnlyForDeploymentPostprocessing = 0;
		};
		88F7FD0F8DBAFF0AEF6F76028C1892C0 /* Sources */ = {
			isa = PBXSourcesBuildPhase;
			buildActionMask = 2147483647;
			files = (
				86A452F1BBBFDDB4A216820E6E3867AB /* Setting.swift in Sources */,
			);
			runOnlyForDeploymentPostprocessing = 0;
		};
		D362D9C892535BCDED4DD63F1AB879DC /* Sources */ = {
			isa = PBXSourcesBuildPhase;
			buildActionMask = 2147483647;
			files = (
				9134DF7F92E9D8F6BAB2662A8BE037B8 /* Tests.swift in Sources */,
			);
			runOnlyForDeploymentPostprocessing = 0;
		};
/* End PBXSourcesBuildPhase section */

/* Begin PBXTargetDependency section */
		321E50FD6301FA680B115C9DB230F17A /* PBXTargetDependency */ = {
			isa = PBXTargetDependency;
			target = BC3B726748A24D180CC0281E8D230A0D /* RxUserDefaults_tvOS */;
			targetProxy = 0F0598DEA57D1DA87A5465E806713555 /* PBXContainerItemProxy */;
		};
		C34E21205E5ABBF43615CA8883F7B3EA /* PBXTargetDependency */ = {
			isa = PBXTargetDependency;
			target = 002178748042D1D60E60D940044501E8 /* RxUserDefaults_iOS */;
			targetProxy = 117AB8A9DAAE388729164670ADB17EFF /* PBXContainerItemProxy */;
		};
/* End PBXTargetDependency section */

/* Begin XCBuildConfiguration section */
		0F8F5F261978DFC4AB9DB2F4DE2C36EA /* Debug */ = {
			isa = XCBuildConfiguration;
			buildSettings = {
				CODE_SIGN_IDENTITY = "";
				CURRENT_PROJECT_VERSION = 1;
				DEFINES_MODULE = YES;
				DYLIB_COMPATIBILITY_VERSION = 1;
				DYLIB_CURRENT_VERSION = 1;
				DYLIB_INSTALL_NAME_BASE = "@rpath";
				FRAMEWORK_SEARCH_PATHS = (
					"$(inherited)",
					"$(PROJECT_DIR)/Carthage/Build/tvOS",
				);
				INFOPLIST_FILE = "Supporting Files/Info.plist";
				INSTALL_PATH = "$(LOCAL_LIBRARY_DIR)/Frameworks";
				IPHONEOS_DEPLOYMENT_TARGET = 9.3;
				LD_RUNPATH_SEARCH_PATHS = "$(inherited) @executable_path/Frameworks";
				PRODUCT_BUNDLE_IDENTIFIER = de.number42.RxUserDefaults;
				PRODUCT_NAME = RxUserDefaults;
				SDKROOT = appletvos;
				SKIP_INSTALL = YES;
				TARGETED_DEVICE_FAMILY = 3;
				TVOS_DEPLOYMENT_TARGET = 9.2;
				VERSIONING_SYSTEM = "apple-generic";
			};
			name = Debug;
		};
		12CEC9CA76345B93A2CFF04526918156 /* Release */ = {
			isa = XCBuildConfiguration;
			buildSettings = {
				BUNDLE_LOADER = "$(TEST_HOST)";
				FRAMEWORK_SEARCH_PATHS = (
					"$(inherited)",
					"$(PROJECT_DIR)/Carthage/Build/iOS",
				);
				LD_RUNPATH_SEARCH_PATHS = "$(inherited) @executable_path/Frameworks @loader_path/Frameworks";
				PRODUCT_NAME = "RxUserDefaults-Tests";
				SDKROOT = iphoneos;
				TARGETED_DEVICE_FAMILY = "1,2";
			};
			name = Release;
		};
		4065B7732E93A691323F408247EA46FB /* Release */ = {
			isa = XCBuildConfiguration;
			buildSettings = {
				BUNDLE_LOADER = "$(TEST_HOST)";
				FRAMEWORK_SEARCH_PATHS = (
					"$(inherited)",
					"$(PROJECT_DIR)/Carthage/Build/tvOS",
				);
				LD_RUNPATH_SEARCH_PATHS = "$(inherited) @executable_path/Frameworks @loader_path/Frameworks";
				PRODUCT_NAME = "RxUserDefaults-Tests";
				SDKROOT = appletvos;
				TARGETED_DEVICE_FAMILY = 3;
			};
			name = Release;
		};
		42CD7DA28C5765E21499346922AD2890 /* Debug */ = {
			isa = XCBuildConfiguration;
			buildSettings = {
				BUNDLE_LOADER = "$(TEST_HOST)";
				FRAMEWORK_SEARCH_PATHS = (
					"$(inherited)",
					"$(PROJECT_DIR)/Carthage/Build/iOS",
				);
				LD_RUNPATH_SEARCH_PATHS = "$(inherited) @executable_path/Frameworks @loader_path/Frameworks";
				PRODUCT_NAME = "RxUserDefaults-Tests";
				SDKROOT = iphoneos;
				TARGETED_DEVICE_FAMILY = "1,2";
			};
			name = Debug;
		};
		50CD908E46788B8BEA276CB3EA6BD459 /* Debug */ = {
			isa = XCBuildConfiguration;
			buildSettings = {
				BUNDLE_LOADER = "$(TEST_HOST)";
				FRAMEWORK_SEARCH_PATHS = (
					"$(inherited)",
					"$(PROJECT_DIR)/Carthage/Build/tvOS",
				);
				LD_RUNPATH_SEARCH_PATHS = "$(inherited) @executable_path/Frameworks @loader_path/Frameworks";
				PRODUCT_NAME = "RxUserDefaults-Tests";
				SDKROOT = appletvos;
				TARGETED_DEVICE_FAMILY = 3;
			};
			name = Debug;
		};
		724B76D72A0BDBE10E2820C5141A2B0B /* Debug */ = {
			isa = XCBuildConfiguration;
			buildSettings = {
				ALWAYS_SEARCH_USER_PATHS = NO;
				CLANG_ANALYZER_NONNULL = YES;
				CLANG_ANALYZER_NUMBER_OBJECT_CONVERSION = YES_AGGRESSIVE;
				CLANG_CXX_LANGUAGE_STANDARD = "gnu++14";
				CLANG_CXX_LIBRARY = "libc++";
				CLANG_ENABLE_MODULES = YES;
				CLANG_ENABLE_OBJC_ARC = YES;
				CLANG_WARN_BLOCK_CAPTURE_AUTORELEASING = YES;
				CLANG_WARN_BOOL_CONVERSION = YES;
				CLANG_WARN_COMMA = YES;
				CLANG_WARN_CONSTANT_CONVERSION = YES;
				CLANG_WARN_DEPRECATED_OBJC_IMPLEMENTATIONS = YES;
				CLANG_WARN_DIRECT_OBJC_ISA_USAGE = YES_ERROR;
				CLANG_WARN_DOCUMENTATION_COMMENTS = YES;
				CLANG_WARN_EMPTY_BODY = YES;
				CLANG_WARN_ENUM_CONVERSION = YES;
				CLANG_WARN_INFINITE_RECURSION = YES;
				CLANG_WARN_INT_CONVERSION = YES;
				CLANG_WARN_NON_LITERAL_NULL_CONVERSION = YES;
				CLANG_WARN_OBJC_IMPLICIT_RETAIN_SELF = YES;
				CLANG_WARN_OBJC_LITERAL_CONVERSION = YES;
				CLANG_WARN_OBJC_ROOT_CLASS = YES_ERROR;
				CLANG_WARN_RANGE_LOOP_ANALYSIS = YES;
				CLANG_WARN_STRICT_PROTOTYPES = YES;
				CLANG_WARN_SUSPICIOUS_MOVE = YES;
				CLANG_WARN_UNGUARDED_AVAILABILITY = YES_AGGRESSIVE;
				CLANG_WARN_UNREACHABLE_CODE = YES;
				CLANG_WARN__DUPLICATE_METHOD_MATCH = YES;
				COPY_PHASE_STRIP = NO;
				DEBUG_INFORMATION_FORMAT = dwarf;
				ENABLE_STRICT_OBJC_MSGSEND = YES;
				ENABLE_TESTABILITY = YES;
				GCC_C_LANGUAGE_STANDARD = gnu11;
				GCC_DYNAMIC_NO_PIC = NO;
				GCC_NO_COMMON_BLOCKS = YES;
				GCC_OPTIMIZATION_LEVEL = 0;
				GCC_PREPROCESSOR_DEFINITIONS = (
					"$(inherited)",
					"DEBUG=1",
				);
				GCC_WARN_64_TO_32_BIT_CONVERSION = YES;
				GCC_WARN_ABOUT_RETURN_TYPE = YES_ERROR;
				GCC_WARN_UNDECLARED_SELECTOR = YES;
				GCC_WARN_UNINITIALIZED_AUTOS = YES_AGGRESSIVE;
				GCC_WARN_UNUSED_FUNCTION = YES;
				GCC_WARN_UNUSED_VARIABLE = YES;
				MTL_ENABLE_DEBUG_INFO = YES;
				ONLY_ACTIVE_ARCH = YES;
				PRODUCT_NAME = "$(TARGET_NAME)";
				SWIFT_ACTIVE_COMPILATION_CONDITIONS = DEBUG;
				SWIFT_OPTIMIZATION_LEVEL = "-Onone";
				SWIFT_VERSION = 4.2;
			};
			name = Debug;
		};
		83A4F00175E33D2E78C4DE397C6ACB10 /* Release */ = {
			isa = XCBuildConfiguration;
			buildSettings = {
				CODE_SIGN_IDENTITY = "";
				CURRENT_PROJECT_VERSION = 1;
				DEFINES_MODULE = YES;
				DYLIB_COMPATIBILITY_VERSION = 1;
				DYLIB_CURRENT_VERSION = 1;
				DYLIB_INSTALL_NAME_BASE = "@rpath";
				FRAMEWORK_SEARCH_PATHS = (
					"$(inherited)",
					"$(PROJECT_DIR)/Carthage/Build/tvOS",
				);
				INFOPLIST_FILE = "Supporting Files/Info.plist";
				INSTALL_PATH = "$(LOCAL_LIBRARY_DIR)/Frameworks";
				IPHONEOS_DEPLOYMENT_TARGET = 9.3;
				LD_RUNPATH_SEARCH_PATHS = "$(inherited) @executable_path/Frameworks";
				PRODUCT_BUNDLE_IDENTIFIER = de.number42.RxUserDefaults;
				PRODUCT_NAME = RxUserDefaults;
				SDKROOT = appletvos;
				SKIP_INSTALL = YES;
				TARGETED_DEVICE_FAMILY = 3;
				TVOS_DEPLOYMENT_TARGET = 9.2;
				VERSIONING_SYSTEM = "apple-generic";
			};
			name = Release;
		};
		91C838D4090931C64CE60B95C07B41E4 /* Debug */ = {
			isa = XCBuildConfiguration;
			buildSettings = {
				CODE_SIGN_IDENTITY = "";
				CURRENT_PROJECT_VERSION = 1;
				DEFINES_MODULE = YES;
				DYLIB_COMPATIBILITY_VERSION = 1;
				DYLIB_CURRENT_VERSION = 1;
				DYLIB_INSTALL_NAME_BASE = "@rpath";
				FRAMEWORK_SEARCH_PATHS = (
					"$(inherited)",
					"$(PROJECT_DIR)/Carthage/Build/iOS",
				);
				INFOPLIST_FILE = "Supporting Files/Info.plist";
				INSTALL_PATH = "$(LOCAL_LIBRARY_DIR)/Frameworks";
				IPHONEOS_DEPLOYMENT_TARGET = 9.3;
				LD_RUNPATH_SEARCH_PATHS = "$(inherited) @executable_path/Frameworks";
				PRODUCT_BUNDLE_IDENTIFIER = de.number42.RxUserDefaults;
				PRODUCT_NAME = RxUserDefaults;
				SDKROOT = iphoneos;
				SKIP_INSTALL = YES;
				TARGETED_DEVICE_FAMILY = "1,2";
				TVOS_DEPLOYMENT_TARGET = 9.2;
				VERSIONING_SYSTEM = "apple-generic";
			};
			name = Debug;
		};
		A9CA8FE20C0C5B519DE8746789619CB9 /* Release */ = {
			isa = XCBuildConfiguration;
			buildSettings = {
				CODE_SIGN_IDENTITY = "";
				CURRENT_PROJECT_VERSION = 1;
				DEFINES_MODULE = YES;
				DYLIB_COMPATIBILITY_VERSION = 1;
				DYLIB_CURRENT_VERSION = 1;
				DYLIB_INSTALL_NAME_BASE = "@rpath";
				FRAMEWORK_SEARCH_PATHS = (
					"$(inherited)",
					"$(PROJECT_DIR)/Carthage/Build/iOS",
				);
				INFOPLIST_FILE = "Supporting Files/Info.plist";
				INSTALL_PATH = "$(LOCAL_LIBRARY_DIR)/Frameworks";
				IPHONEOS_DEPLOYMENT_TARGET = 9.3;
				LD_RUNPATH_SEARCH_PATHS = "$(inherited) @executable_path/Frameworks";
				PRODUCT_BUNDLE_IDENTIFIER = de.number42.RxUserDefaults;
				PRODUCT_NAME = RxUserDefaults;
				SDKROOT = iphoneos;
				SKIP_INSTALL = YES;
				TARGETED_DEVICE_FAMILY = "1,2";
				TVOS_DEPLOYMENT_TARGET = 9.2;
				VERSIONING_SYSTEM = "apple-generic";
			};
			name = Release;
		};
		C44DE3B4576A1D6495F0E9EF23F70155 /* Release */ = {
			isa = XCBuildConfiguration;
			buildSettings = {
				ALWAYS_SEARCH_USER_PATHS = NO;
				CLANG_ANALYZER_NONNULL = YES;
				CLANG_ANALYZER_NUMBER_OBJECT_CONVERSION = YES_AGGRESSIVE;
				CLANG_CXX_LANGUAGE_STANDARD = "gnu++14";
				CLANG_CXX_LIBRARY = "libc++";
				CLANG_ENABLE_MODULES = YES;
				CLANG_ENABLE_OBJC_ARC = YES;
				CLANG_WARN_BLOCK_CAPTURE_AUTORELEASING = YES;
				CLANG_WARN_BOOL_CONVERSION = YES;
				CLANG_WARN_COMMA = YES;
				CLANG_WARN_CONSTANT_CONVERSION = YES;
				CLANG_WARN_DEPRECATED_OBJC_IMPLEMENTATIONS = YES;
				CLANG_WARN_DIRECT_OBJC_ISA_USAGE = YES_ERROR;
				CLANG_WARN_DOCUMENTATION_COMMENTS = YES;
				CLANG_WARN_EMPTY_BODY = YES;
				CLANG_WARN_ENUM_CONVERSION = YES;
				CLANG_WARN_INFINITE_RECURSION = YES;
				CLANG_WARN_INT_CONVERSION = YES;
				CLANG_WARN_NON_LITERAL_NULL_CONVERSION = YES;
				CLANG_WARN_OBJC_IMPLICIT_RETAIN_SELF = YES;
				CLANG_WARN_OBJC_LITERAL_CONVERSION = YES;
				CLANG_WARN_OBJC_ROOT_CLASS = YES_ERROR;
				CLANG_WARN_RANGE_LOOP_ANALYSIS = YES;
				CLANG_WARN_STRICT_PROTOTYPES = YES;
				CLANG_WARN_SUSPICIOUS_MOVE = YES;
				CLANG_WARN_UNGUARDED_AVAILABILITY = YES_AGGRESSIVE;
				CLANG_WARN_UNREACHABLE_CODE = YES;
				CLANG_WARN__DUPLICATE_METHOD_MATCH = YES;
				COPY_PHASE_STRIP = NO;
				DEBUG_INFORMATION_FORMAT = "dwarf-with-dsym";
				ENABLE_NS_ASSERTIONS = NO;
				ENABLE_STRICT_OBJC_MSGSEND = YES;
				GCC_C_LANGUAGE_STANDARD = gnu11;
				GCC_NO_COMMON_BLOCKS = YES;
				GCC_WARN_64_TO_32_BIT_CONVERSION = YES;
				GCC_WARN_ABOUT_RETURN_TYPE = YES_ERROR;
				GCC_WARN_UNDECLARED_SELECTOR = YES;
				GCC_WARN_UNINITIALIZED_AUTOS = YES_AGGRESSIVE;
				GCC_WARN_UNUSED_FUNCTION = YES;
				GCC_WARN_UNUSED_VARIABLE = YES;
				PRODUCT_NAME = "$(TARGET_NAME)";
				SWIFT_OPTIMIZATION_LEVEL = "-Owholemodule";
				SWIFT_VERSION = 4.2;
				VALIDATE_PRODUCT = YES;
			};
			name = Release;
		};
/* End XCBuildConfiguration section */

/* Begin XCConfigurationList section */
		4F7AFAD95FA86A249B743CC0AAA0DAE2 /* Build configuration list for PBXNativeTarget "RxUserDefaults_iOS" */ = {
			isa = XCConfigurationList;
			buildConfigurations = (
				91C838D4090931C64CE60B95C07B41E4 /* Debug */,
				A9CA8FE20C0C5B519DE8746789619CB9 /* Release */,
			);
			defaultConfigurationIsVisible = 0;
			defaultConfigurationName = "";
		};
		8F9B49976BE0D77124320ED87DCC6D0B /* Build configuration list for PBXNativeTarget "RxUserDefaults_tvOS" */ = {
			isa = XCConfigurationList;
			buildConfigurations = (
				0F8F5F261978DFC4AB9DB2F4DE2C36EA /* Debug */,
				83A4F00175E33D2E78C4DE397C6ACB10 /* Release */,
			);
			defaultConfigurationIsVisible = 0;
			defaultConfigurationName = "";
		};
		AE0685734D708C8B9AC1F7688020D3A6 /* Build configuration list for PBXNativeTarget "RxUserDefaults-Tests_tvOS" */ = {
			isa = XCConfigurationList;
			buildConfigurations = (
				50CD908E46788B8BEA276CB3EA6BD459 /* Debug */,
				4065B7732E93A691323F408247EA46FB /* Release */,
			);
			defaultConfigurationIsVisible = 0;
			defaultConfigurationName = "";
		};
		EC6F6D657FF6C91DC3451888CC4EA97A /* Build configuration list for PBXNativeTarget "RxUserDefaults-Tests_iOS" */ = {
			isa = XCConfigurationList;
			buildConfigurations = (
				42CD7DA28C5765E21499346922AD2890 /* Debug */,
				12CEC9CA76345B93A2CFF04526918156 /* Release */,
			);
			defaultConfigurationIsVisible = 0;
			defaultConfigurationName = "";
		};
		F78910ED2BE2E7F282D29241B0CF18A2 /* Build configuration list for PBXProject "RxUserDefaults" */ = {
			isa = XCConfigurationList;
			buildConfigurations = (
				724B76D72A0BDBE10E2820C5141A2B0B /* Debug */,
				C44DE3B4576A1D6495F0E9EF23F70155 /* Release */,
			);
			defaultConfigurationIsVisible = 0;
			defaultConfigurationName = Debug;
		};
/* End XCConfigurationList section */
	};
	rootObject = BFE8D0E18102F6DA7AF1D86EEA2A50DF /* Project object */;
}
