PODS:
  - RxAtomic (4.4.0)
  - RxCocoa (4.4.0):
    - RxSwift (~> 4.0)
  - RxSwift (4.4.0):
    - RxAtomic (~> 4.4)
  - RxUserDefaults (4.1.0):
    - RxCocoa (~> 4.0)
    - RxSwift (~> 4.0)

DEPENDENCIES:
  - RxSwift
  - RxUserDefaults (from `..`)

SPEC REPOS:
  https://github.com/cocoapods/specs.git:
    - RxAtomic
    - RxCocoa
    - RxSwift

EXTERNAL SOURCES:
  RxUserDefaults:
    :path: ".."

SPEC CHECKSUMS:
  RxAtomic: eacf60db868c96bfd63320e28619fe29c179656f
  RxCocoa: df63ebf7b9a70d6b4eeea407ed5dd4efc8979749
  RxSwift: 5976ecd04fc2fefd648827c23de5e11157faa973
  RxUserDefaults: 59219999d9bde7d3b35445de8af4a619f148a8d5

PODFILE CHECKSUM: ed5e45db13ef4964710e069d8db3d42c65bc6ede

COCOAPODS: 1.6.0.rc.1
